Microsoft Visual Studio Solution File, Format Version 12.00
# Visual Studio 15
VisualStudioVersion = 15.0.27703.2026
MinimumVisualStudioVersion = 14.0.22310.1
Project("{8BC9CEB8-8B4A-11D0-8D11-00A0C91BC942}") = "litestep", "litestep\litestep.vcxproj", "{994556EE-2F21-4811-A85D-6925F7F84B0D}"
EndProject
Project("{8BC9CEB8-8B4A-11D0-8D11-00A0C91BC942}") = "utility", "utility\utility.vcxproj", "{2213036F-018C-416A-8A6A-7934C936CFFC}"
EndProject
Project("{8BC9CEB8-8B4A-11D0-8D11-00A0C91BC942}") = "lsapi", "lsapi\lsapi.vcxproj", "{2FECA0A4-CB2F-44CA-97AB-DE78EBBDECFA}"
EndProject
Project("{2150E333-8FDC-42A3-9474-1A3956D46DE8}") = "SDK", "SDK", "{0CB7B995-8934-4494-8EB9-968D5407C6E5}"
EndProject
Project("{2150E333-8FDC-42A3-9474-1A3956D46DE8}") = "docs", "docs", "{DEC29FCD-986F-4AAB-A697-AE091EFEF71A}"
	ProjectSection(SolutionItems) = preProject
		sdk\docs\lsapi\AddBangCommand.xml = sdk\docs\lsapi\AddBangCommand.xml
		sdk\docs\lsapi\AddBangCommandEx.xml = sdk\docs\lsapi\AddBangCommandEx.xml
		sdk\docs\lsapi\BangCommandProc.xml = sdk\docs\lsapi\BangCommandProc.xml
		sdk\docs\lsapi\BangCommandProcEx.xml = sdk\docs\lsapi\BangCommandProcEx.xml
		sdk\docs\lsapi\BitmapFromIcon.xml = sdk\docs\lsapi\BitmapFromIcon.xml
		sdk\docs\lsapi\BitmapToRegion.xml = sdk\docs\lsapi\BitmapToRegion.xml
		sdk\docs\lsapi\CommandParse.xml = sdk\docs\lsapi\CommandParse.xml
		sdk\docs\lsapi\CommandTokenize.xml = sdk\docs\lsapi\CommandTokenize.xml
		sdk\docs\lsapi\EnumBangsProc.xml = sdk\docs\lsapi\EnumBangsProc.xml
		sdk\docs\lsapi\EnumBangsV2Proc.xml = sdk\docs\lsapi\EnumBangsV2Proc.xml
		sdk\docs\lsapi\EnumLSData.xml = sdk\docs\lsapi\EnumLSData.xml
		sdk\docs\lsapi\EnumModulesProc.xml = sdk\docs\lsapi\EnumModulesProc.xml
		sdk\docs\lsapi\EnumPerformanceProc.xml = sdk\docs\lsapi\EnumPerformanceProc.xml
		sdk\docs\lsapi\EnumRevIDsProc.xml = sdk\docs\lsapi\EnumRevIDsProc.xml
		sdk\docs\lsapi\Frame3D.xml = sdk\docs\lsapi\Frame3D.xml
		sdk\docs\lsapi\GetLitestepWnd.xml = sdk\docs\lsapi\GetLitestepWnd.xml
		sdk\docs\lsapi\GetLSBitmapSize.xml = sdk\docs\lsapi\GetLSBitmapSize.xml
		sdk\docs\lsapi\GetRCBool.xml = sdk\docs\lsapi\GetRCBool.xml
		sdk\docs\lsapi\GetRCBoolDef.xml = sdk\docs\lsapi\GetRCBoolDef.xml
		sdk\docs\lsapi\GetRCColor.xml = sdk\docs\lsapi\GetRCColor.xml
		sdk\docs\lsapi\GetRCCoordinate.xml = sdk\docs\lsapi\GetRCCoordinate.xml
		sdk\docs\lsapi\GetRCDouble.xml = sdk\docs\lsapi\GetRCDouble.xml
		sdk\docs\lsapi\GetRCFloat.xml = sdk\docs\lsapi\GetRCFloat.xml
		sdk\docs\lsapi\GetRCInt.xml = sdk\docs\lsapi\GetRCInt.xml
		sdk\docs\lsapi\GetRCInt64.xml = sdk\docs\lsapi\GetRCInt64.xml
		sdk\docs\lsapi\GetRCLine.xml = sdk\docs\lsapi\GetRCLine.xml
		sdk\docs\lsapi\GetRCString.xml = sdk\docs\lsapi\GetRCString.xml
		sdk\docs\lsapi\GetResStr.xml = sdk\docs\lsapi\GetResStr.xml
		sdk\docs\lsapi\GetResStrEx.xml = sdk\docs\lsapi\GetResStrEx.xml
		sdk\docs\lsapi\GetToken.xml = sdk\docs\lsapi\GetToken.xml
		sdk\docs\lsapi\index.xml = sdk\docs\lsapi\index.xml
		sdk\docs\lsapi\index.xslt = sdk\docs\lsapi\index.xslt
		sdk\docs\lsapi\initModuleEx.xml = sdk\docs\lsapi\initModuleEx.xml
		sdk\docs\lsapi\initModuleW.xml = sdk\docs\lsapi\initModuleW.xml
		sdk\docs\lsapi\is_valid_pattern.xml = sdk\docs\lsapi\is_valid_pattern.xml
		sdk\docs\lsapi\LCClose.xml = sdk\docs\lsapi\LCClose.xml
		sdk\docs\lsapi\LCOpen.xml = sdk\docs\lsapi\LCOpen.xml
		sdk\docs\lsapi\LCReadNextCommand.xml = sdk\docs\lsapi\LCReadNextCommand.xml
		sdk\docs\lsapi\LCReadNextConfig.xml = sdk\docs\lsapi\LCReadNextConfig.xml
		sdk\docs\lsapi\LCReadNextLine.xml = sdk\docs\lsapi\LCReadNextLine.xml
		sdk\docs\lsapi\LCTokenize.xml = sdk\docs\lsapi\LCTokenize.xml
		sdk\docs\lsapi\LM_FULLSCREENACTIVATED.xml = sdk\docs\lsapi\LM_FULLSCREENACTIVATED.xml
		sdk\docs\lsapi\LM_FULLSCREENDEACTIVATED.xml = sdk\docs\lsapi\LM_FULLSCREENDEACTIVATED.xml
		sdk\docs\lsapi\LM_GETREVID.xml = sdk\docs\lsapi\LM_GETREVID.xml
		sdk\docs\lsapi\LM_REFRESH.xml = sdk\docs\lsapi\LM_REFRESH.xml
		sdk\docs\lsapi\LM_REGISTERMESSAGE.xml = sdk\docs\lsapi\LM_REGISTERMESSAGE.xml
		sdk\docs\lsapi\LM_RELOADMODULE.xml = sdk\docs\lsapi\LM_RELOADMODULE.xml
		sdk\docs\lsapi\LM_RESTOREDATA.xml = sdk\docs\lsapi\LM_RESTOREDATA.xml
		sdk\docs\lsapi\LM_SAVEDATA.xml = sdk\docs\lsapi\LM_SAVEDATA.xml
		sdk\docs\lsapi\LM_SHELLHOOK.xml = sdk\docs\lsapi\LM_SHELLHOOK.xml
		sdk\docs\lsapi\LM_SYSTRAY.xml = sdk\docs\lsapi\LM_SYSTRAY.xml
		sdk\docs\lsapi\LM_SYSTRAYINFOEVENT.xml = sdk\docs\lsapi\LM_SYSTRAYINFOEVENT.xml
		sdk\docs\lsapi\LM_SYSTRAYREADY.xml = sdk\docs\lsapi\LM_SYSTRAYREADY.xml
		sdk\docs\lsapi\LM_TASK_MARKASACTIVE.xml = sdk\docs\lsapi\LM_TASK_MARKASACTIVE.xml
		sdk\docs\lsapi\LM_TASK_REGISTERTAB.xml = sdk\docs\lsapi\LM_TASK_REGISTERTAB.xml
		sdk\docs\lsapi\LM_TASK_SETACTIVETAB.xml = sdk\docs\lsapi\LM_TASK_SETACTIVETAB.xml
		sdk\docs\lsapi\LM_TASK_SETOVERLAYICON.xml = sdk\docs\lsapi\LM_TASK_SETOVERLAYICON.xml
		sdk\docs\lsapi\LM_TASK_SETOVERLAYICONDESC.xml = sdk\docs\lsapi\LM_TASK_SETOVERLAYICONDESC.xml
		sdk\docs\lsapi\LM_TASK_SETPROGRESSSTATE.xml = sdk\docs\lsapi\LM_TASK_SETPROGRESSSTATE.xml
		sdk\docs\lsapi\LM_TASK_SETPROGRESSVALUE.xml = sdk\docs\lsapi\LM_TASK_SETPROGRESSVALUE.xml
		sdk\docs\lsapi\LM_TASK_SETTABORDER.xml = sdk\docs\lsapi\LM_TASK_SETTABORDER.xml
		sdk\docs\lsapi\LM_TASK_SETTABPROPERTIES.xml = sdk\docs\lsapi\LM_TASK_SETTABPROPERTIES.xml
		sdk\docs\lsapi\LM_TASK_SETTHUMBNAILCLIP.xml = sdk\docs\lsapi\LM_TASK_SETTHUMBNAILCLIP.xml
		sdk\docs\lsapi\LM_TASK_SETTHUMBNAILTOOLTIP.xml = sdk\docs\lsapi\LM_TASK_SETTHUMBNAILTOOLTIP.xml
		sdk\docs\lsapi\LM_TASK_THUMBBARADDBUTTONS.xml = sdk\docs\lsapi\LM_TASK_THUMBBARADDBUTTONS.xml
		sdk\docs\lsapi\LM_TASK_THUMBBARSETIMAGELIST.xml = sdk\docs\lsapi\LM_TASK_THUMBBARSETIMAGELIST.xml
		sdk\docs\lsapi\LM_TASK_THUMBBARUPDATEBUTTONS.xml = sdk\docs\lsapi\LM_TASK_THUMBBARUPDATEBUTTONS.xml
		sdk\docs\lsapi\LM_TASK_UNREGISTERTAB.xml = sdk\docs\lsapi\LM_TASK_UNREGISTERTAB.xml
		sdk\docs\lsapi\LM_UNLOADMODULE.xml = sdk\docs\lsapi\LM_UNLOADMODULE.xml
		sdk\docs\lsapi\LM_UNREGISTERMESSAGE.xml = sdk\docs\lsapi\LM_UNREGISTERMESSAGE.xml
		sdk\docs\lsapi\LoadLSIcon.xml = sdk\docs\lsapi\LoadLSIcon.xml
		sdk\docs\lsapi\LoadLSImage.xml = sdk\docs\lsapi\LoadLSImage.xml
		sdk\docs\lsapi\lsapi.css = sdk\docs\lsapi\lsapi.css
		sdk\docs\lsapi\lsapi.xslt = sdk\docs\lsapi\lsapi.xslt
		sdk\docs\lsapi\LSExecute.xml = sdk\docs\lsapi\LSExecute.xml
		sdk\docs\lsapi\LSExecuteEx.xml = sdk\docs\lsapi\LSExecuteEx.xml
		sdk\docs\lsapi\LSGetImagePath.xml = sdk\docs\lsapi\LSGetImagePath.xml
		sdk\docs\lsapi\LSGetLitestepPath.xml = sdk\docs\lsapi\LSGetLitestepPath.xml
		sdk\docs\lsapi\LSGetVariable.xml = sdk\docs\lsapi\LSGetVariable.xml
		sdk\docs\lsapi\LSGetVariableEx.xml = sdk\docs\lsapi\LSGetVariableEx.xml
		sdk\docs\lsapi\LSLog.xml = sdk\docs\lsapi\LSLog.xml
		sdk\docs\lsapi\LSLogPrintf.xml = sdk\docs\lsapi\LSLogPrintf.xml
		sdk\docs\lsapi\LSNOTIFYICONDATA.xml = sdk\docs\lsapi\LSNOTIFYICONDATA.xml
		sdk\docs\lsapi\LSSetVariable.xml = sdk\docs\lsapi\LSSetVariable.xml
		sdk\docs\lsapi\match.xml = sdk\docs\lsapi\match.xml
		sdk\docs\lsapi\matche.xml = sdk\docs\lsapi\matche.xml
		sdk\docs\lsapi\ParseBangCommand.xml = sdk\docs\lsapi\ParseBangCommand.xml
		sdk\docs\lsapi\ParseCoordinate.xml = sdk\docs\lsapi\ParseCoordinate.xml
		sdk\docs\lsapi\quitModule.xml = sdk\docs\lsapi\quitModule.xml
		sdk\docs\lsapi\RemoveBangCommand.xml = sdk\docs\lsapi\RemoveBangCommand.xml
		sdk\docs\lsapi\SetDesktopArea.xml = sdk\docs\lsapi\SetDesktopArea.xml
		sdk\docs\lsapi\SYSTRAYINFOEVENT.xml = sdk\docs\lsapi\SYSTRAYINFOEVENT.xml
		sdk\docs\lsapi\THUMBBUTTONLIST.xml = sdk\docs\lsapi\THUMBBUTTONLIST.xml
		sdk\docs\lsapi\TransparentBltLS.xml = sdk\docs\lsapi\TransparentBltLS.xml
		sdk\docs\lsapi\VarExpansion.xml = sdk\docs\lsapi\VarExpansion.xml
		sdk\docs\lsapi\VarExpansionEx.xml = sdk\docs\lsapi\VarExpansionEx.xml
	EndProjectSection
EndProject
Project("{FAE04EC0-301F-11D3-BF4B-00C04F79EFBC}") = "LsapiSharp", "LsapiSharp\LsapiSharp.csproj", "{7F8140DC-7815-4368-94F8-A7ED7CF04A2A}"
	ProjectSection(ProjectDependencies) = postProject
		{2FECA0A4-CB2F-44CA-97AB-DE78EBBDECFA} = {2FECA0A4-CB2F-44CA-97AB-DE78EBBDECFA}
	EndProjectSection
EndProject
Project("{FAE04EC0-301F-11D3-BF4B-00C04F79EFBC}") = "LsapiSharp.Test", "LsapiSharp.Test\LsapiSharp.Test.csproj", "{580B3CBE-9E12-41A2-B723-6CE9BBCB7527}"
	ProjectSection(ProjectDependencies) = postProject
		{2FECA0A4-CB2F-44CA-97AB-DE78EBBDECFA} = {2FECA0A4-CB2F-44CA-97AB-DE78EBBDECFA}
	EndProjectSection
EndProject
Project("{2150E333-8FDC-42A3-9474-1A3956D46DE8}") = "CLR", "CLR", "{757E055D-EC8C-4038-B2F3-E6C978057563}"
EndProject
Project("{9A19103F-16F7-4668-BE54-9A1E7A4F7556}") = "LsapiSharpCore", "LsapiSharpCore\LsapiSharpCore.csproj", "{038BF1B5-7B36-4A20-8F10-E8F427A0C561}"
	ProjectSection(ProjectDependencies) = postProject
		{2FECA0A4-CB2F-44CA-97AB-DE78EBBDECFA} = {2FECA0A4-CB2F-44CA-97AB-DE78EBBDECFA}
	EndProjectSection
EndProject
Global
	GlobalSection(SolutionConfigurationPlatforms) = preSolution
		Debug|Any CPU = Debug|Any CPU
		Debug|Win32 = Debug|Win32
		Debug|x64 = Debug|x64
		Debug|x86 = Debug|x86
		Release|Any CPU = Release|Any CPU
		Release|Win32 = Release|Win32
		Release|x64 = Release|x64
		Release|x86 = Release|x86
	EndGlobalSection
	GlobalSection(ProjectConfigurationPlatforms) = postSolution
		{994556EE-2F21-4811-A85D-6925F7F84B0D}.Debug|Any CPU.ActiveCfg = Debug|Win32
		{994556EE-2F21-4811-A85D-6925F7F84B0D}.Debug|Win32.ActiveCfg = Debug|Win32
		{994556EE-2F21-4811-A85D-6925F7F84B0D}.Debug|Win32.Build.0 = Debug|Win32
		{994556EE-2F21-4811-A85D-6925F7F84B0D}.Debug|x64.ActiveCfg = Debug|x64
		{994556EE-2F21-4811-A85D-6925F7F84B0D}.Debug|x64.Build.0 = Debug|x64
		{994556EE-2F21-4811-A85D-6925F7F84B0D}.Debug|x86.ActiveCfg = Debug|Win32
		{994556EE-2F21-4811-A85D-6925F7F84B0D}.Debug|x86.Build.0 = Debug|Win32
		{994556EE-2F21-4811-A85D-6925F7F84B0D}.Release|Any CPU.ActiveCfg = Release|Win32
		{994556EE-2F21-4811-A85D-6925F7F84B0D}.Release|Win32.ActiveCfg = Release|Win32
		{994556EE-2F21-4811-A85D-6925F7F84B0D}.Release|Win32.Build.0 = Release|Win32
		{994556EE-2F21-4811-A85D-6925F7F84B0D}.Release|x64.ActiveCfg = Release|x64
		{994556EE-2F21-4811-A85D-6925F7F84B0D}.Release|x64.Build.0 = Release|x64
		{994556EE-2F21-4811-A85D-6925F7F84B0D}.Release|x86.ActiveCfg = Release|Win32
		{994556EE-2F21-4811-A85D-6925F7F84B0D}.Release|x86.Build.0 = Release|Win32
		{2213036F-018C-416A-8A6A-7934C936CFFC}.Debug|Any CPU.ActiveCfg = Debug|Win32
		{2213036F-018C-416A-8A6A-7934C936CFFC}.Debug|Win32.ActiveCfg = Debug|Win32
		{2213036F-018C-416A-8A6A-7934C936CFFC}.Debug|Win32.Build.0 = Debug|Win32
		{2213036F-018C-416A-8A6A-7934C936CFFC}.Debug|x64.ActiveCfg = Debug|x64
		{2213036F-018C-416A-8A6A-7934C936CFFC}.Debug|x64.Build.0 = Debug|x64
		{2213036F-018C-416A-8A6A-7934C936CFFC}.Debug|x86.ActiveCfg = Debug|Win32
		{2213036F-018C-416A-8A6A-7934C936CFFC}.Debug|x86.Build.0 = Debug|Win32
		{2213036F-018C-416A-8A6A-7934C936CFFC}.Release|Any CPU.ActiveCfg = Release|Win32
		{2213036F-018C-416A-8A6A-7934C936CFFC}.Release|Win32.ActiveCfg = Release|Win32
		{2213036F-018C-416A-8A6A-7934C936CFFC}.Release|Win32.Build.0 = Release|Win32
		{2213036F-018C-416A-8A6A-7934C936CFFC}.Release|x64.ActiveCfg = Release|x64
		{2213036F-018C-416A-8A6A-7934C936CFFC}.Release|x64.Build.0 = Release|x64
		{2213036F-018C-416A-8A6A-7934C936CFFC}.Release|x86.ActiveCfg = Release|Win32
		{2213036F-018C-416A-8A6A-7934C936CFFC}.Release|x86.Build.0 = Release|Win32
		{2FECA0A4-CB2F-44CA-97AB-DE78EBBDECFA}.Debug|Any CPU.ActiveCfg = Debug|Win32
		{2FECA0A4-CB2F-44CA-97AB-DE78EBBDECFA}.Debug|Win32.ActiveCfg = Debug|Win32
		{2FECA0A4-CB2F-44CA-97AB-DE78EBBDECFA}.Debug|Win32.Build.0 = Debug|Win32
		{2FECA0A4-CB2F-44CA-97AB-DE78EBBDECFA}.Debug|x64.ActiveCfg = Debug|x64
		{2FECA0A4-CB2F-44CA-97AB-DE78EBBDECFA}.Debug|x64.Build.0 = Debug|x64
		{2FECA0A4-CB2F-44CA-97AB-DE78EBBDECFA}.Debug|x86.ActiveCfg = Debug|Win32
		{2FECA0A4-CB2F-44CA-97AB-DE78EBBDECFA}.Debug|x86.Build.0 = Debug|Win32
		{2FECA0A4-CB2F-44CA-97AB-DE78EBBDECFA}.Release|Any CPU.ActiveCfg = Release|Win32
		{2FECA0A4-CB2F-44CA-97AB-DE78EBBDECFA}.Release|Win32.ActiveCfg = Release|Win32
		{2FECA0A4-CB2F-44CA-97AB-DE78EBBDECFA}.Release|Win32.Build.0 = Release|Win32
		{2FECA0A4-CB2F-44CA-97AB-DE78EBBDECFA}.Release|x64.ActiveCfg = Release|x64
		{2FECA0A4-CB2F-44CA-97AB-DE78EBBDECFA}.Release|x64.Build.0 = Release|x64
		{2FECA0A4-CB2F-44CA-97AB-DE78EBBDECFA}.Release|x86.ActiveCfg = Release|Win32
		{2FECA0A4-CB2F-44CA-97AB-DE78EBBDECFA}.Release|x86.Build.0 = Release|Win32
		{7F8140DC-7815-4368-94F8-A7ED7CF04A2A}.Debug|Any CPU.ActiveCfg = Debug|Any CPU
		{7F8140DC-7815-4368-94F8-A7ED7CF04A2A}.Debug|Any CPU.Build.0 = Debug|Any CPU
		{7F8140DC-7815-4368-94F8-A7ED7CF04A2A}.Debug|Win32.ActiveCfg = Debug|x86
		{7F8140DC-7815-4368-94F8-A7ED7CF04A2A}.Debug|Win32.Build.0 = Debug|x86
		{7F8140DC-7815-4368-94F8-A7ED7CF04A2A}.Debug|x64.ActiveCfg = Debug|x64
		{7F8140DC-7815-4368-94F8-A7ED7CF04A2A}.Debug|x64.Build.0 = Debug|x64
		{7F8140DC-7815-4368-94F8-A7ED7CF04A2A}.Debug|x86.ActiveCfg = Debug|x86
		{7F8140DC-7815-4368-94F8-A7ED7CF04A2A}.Debug|x86.Build.0 = Debug|x86
		{7F8140DC-7815-4368-94F8-A7ED7CF04A2A}.Release|Any CPU.ActiveCfg = Release|Any CPU
		{7F8140DC-7815-4368-94F8-A7ED7CF04A2A}.Release|Any CPU.Build.0 = Release|Any CPU
		{7F8140DC-7815-4368-94F8-A7ED7CF04A2A}.Release|Win32.ActiveCfg = Release|x86
		{7F8140DC-7815-4368-94F8-A7ED7CF04A2A}.Release|Win32.Build.0 = Release|x86
		{7F8140DC-7815-4368-94F8-A7ED7CF04A2A}.Release|x64.ActiveCfg = Release|x64
		{7F8140DC-7815-4368-94F8-A7ED7CF04A2A}.Release|x64.Build.0 = Release|x64
		{7F8140DC-7815-4368-94F8-A7ED7CF04A2A}.Release|x86.ActiveCfg = Release|x86
		{7F8140DC-7815-4368-94F8-A7ED7CF04A2A}.Release|x86.Build.0 = Release|x86
		{580B3CBE-9E12-41A2-B723-6CE9BBCB7527}.Debug|Any CPU.ActiveCfg = Debug|Any CPU
		{580B3CBE-9E12-41A2-B723-6CE9BBCB7527}.Debug|Any CPU.Build.0 = Debug|Any CPU
		{580B3CBE-9E12-41A2-B723-6CE9BBCB7527}.Debug|Win32.ActiveCfg = Debug|x86
		{580B3CBE-9E12-41A2-B723-6CE9BBCB7527}.Debug|Win32.Build.0 = Debug|x86
		{580B3CBE-9E12-41A2-B723-6CE9BBCB7527}.Debug|x64.ActiveCfg = Debug|x64
		{580B3CBE-9E12-41A2-B723-6CE9BBCB7527}.Debug|x64.Build.0 = Debug|x64
		{580B3CBE-9E12-41A2-B723-6CE9BBCB7527}.Debug|x86.ActiveCfg = Debug|x86
		{580B3CBE-9E12-41A2-B723-6CE9BBCB7527}.Debug|x86.Build.0 = Debug|x86
		{580B3CBE-9E12-41A2-B723-6CE9BBCB7527}.Release|Any CPU.ActiveCfg = Release|Any CPU
		{580B3CBE-9E12-41A2-B723-6CE9BBCB7527}.Release|Any CPU.Build.0 = Release|Any CPU
		{580B3CBE-9E12-41A2-B723-6CE9BBCB7527}.Release|Win32.ActiveCfg = Release|x86
		{580B3CBE-9E12-41A2-B723-6CE9BBCB7527}.Release|Win32.Build.0 = Release|x86
		{580B3CBE-9E12-41A2-B723-6CE9BBCB7527}.Release|x64.ActiveCfg = Release|x64
		{580B3CBE-9E12-41A2-B723-6CE9BBCB7527}.Release|x64.Build.0 = Release|x64
		{580B3CBE-9E12-41A2-B723-6CE9BBCB7527}.Release|x86.ActiveCfg = Release|x86
		{580B3CBE-9E12-41A2-B723-6CE9BBCB7527}.Release|x86.Build.0 = Release|x86
		{038BF1B5-7B36-4A20-8F10-E8F427A0C561}.Debug|Any CPU.ActiveCfg = Debug|Any CPU
		{038BF1B5-7B36-4A20-8F10-E8F427A0C561}.Debug|Any CPU.Build.0 = Debug|Any CPU
		{038BF1B5-7B36-4A20-8F10-E8F427A0C561}.Debug|Win32.ActiveCfg = Debug|Any CPU
		{038BF1B5-7B36-4A20-8F10-E8F427A0C561}.Debug|Win32.Build.0 = Debug|Any CPU
		{038BF1B5-7B36-4A20-8F10-E8F427A0C561}.Debug|x64.ActiveCfg = Debug|x64
		{038BF1B5-7B36-4A20-8F10-E8F427A0C561}.Debug|x64.Build.0 = Debug|x64
		{038BF1B5-7B36-4A20-8F10-E8F427A0C561}.Debug|x86.ActiveCfg = Debug|x86
		{038BF1B5-7B36-4A20-8F10-E8F427A0C561}.Debug|x86.Build.0 = Debug|x86
		{038BF1B5-7B36-4A20-8F10-E8F427A0C561}.Release|Any CPU.ActiveCfg = Release|Any CPU
		{038BF1B5-7B36-4A20-8F10-E8F427A0C561}.Release|Any CPU.Build.0 = Release|Any CPU
		{038BF1B5-7B36-4A20-8F10-E8F427A0C561}.Release|Win32.ActiveCfg = Release|Any CPU
		{038BF1B5-7B36-4A20-8F10-E8F427A0C561}.Release|Win32.Build.0 = Release|Any CPU
		{038BF1B5-7B36-4A20-8F10-E8F427A0C561}.Release|x64.ActiveCfg = Release|Any CPU
		{038BF1B5-7B36-4A20-8F10-E8F427A0C561}.Release|x64.Build.0 = Release|Any CPU
		{038BF1B5-7B36-4A20-8F10-E8F427A0C561}.Release|x86.ActiveCfg = Release|x86
		{038BF1B5-7B36-4A20-8F10-E8F427A0C561}.Release|x86.Build.0 = Release|x86
	EndGlobalSection
	GlobalSection(SolutionProperties) = preSolution
		HideSolutionNode = FALSE
	EndGlobalSection
	GlobalSection(NestedProjects) = preSolution
		{DEC29FCD-986F-4AAB-A697-AE091EFEF71A} = {0CB7B995-8934-4494-8EB9-968D5407C6E5}
		{7F8140DC-7815-4368-94F8-A7ED7CF04A2A} = {757E055D-EC8C-4038-B2F3-E6C978057563}
		{580B3CBE-9E12-41A2-B723-6CE9BBCB7527} = {757E055D-EC8C-4038-B2F3-E6C978057563}
		{038BF1B5-7B36-4A20-8F10-E8F427A0C561} = {757E055D-EC8C-4038-B2F3-E6C978057563}
	EndGlobalSection
	GlobalSection(ExtensibilityGlobals) = postSolution
		SolutionGuid = {443E0FE0-A28C-4AD6-A341-1B587E63BA20}
	EndGlobalSection
EndGlobal
